// !$*UTF8*$!
{
	archiveVersion = 1;
	classes = {
	};
	objectVersion = 56;
	objects = {

/* Begin PBXBuildFile section */
		1F5D683A2AC275C800758EF7 /* Pods_Weather_Fairy.framework in Frameworks */ = {isa = PBXBuildFile; fileRef = 5316D0FD1C697B4F5FB0B126 /* Pods_Weather_Fairy.framework */; };
		1F5D683B2AC275C800758EF7 /* Pods_Weather_Fairy.framework in Embed Frameworks */ = {isa = PBXBuildFile; fileRef = 5316D0FD1C697B4F5FB0B126 /* Pods_Weather_Fairy.framework */; settings = {ATTRIBUTES = (CodeSignOnCopy, RemoveHeadersOnCopy, ); }; };
		1F5D683F2AC2779500758EF7 /* Notification.swift in Sources */ = {isa = PBXBuildFile; fileRef = 1F5D683E2AC2779500758EF7 /* Notification.swift */; };
		DFE8A22B2AC3D01000ED6917 /* imageView +.swift in Sources */ = {isa = PBXBuildFile; fileRef = DFE8A22A2AC3D01000ED6917 /* imageView +.swift */; };
		DFE8A2312AC3D10900ED6917 /* CurrentLocationViewItem.swift in Sources */ = {isa = PBXBuildFile; fileRef = DFE8A2302AC3D10900ED6917 /* CurrentLocationViewItem.swift */; };
		DFE8A2332AC3D10E00ED6917 /* MainCurrentWeatherView.swift in Sources */ = {isa = PBXBuildFile; fileRef = DFE8A2322AC3D10E00ED6917 /* MainCurrentWeatherView.swift */; };
		DFE8A2352AC3D11300ED6917 /* MainMiddleView.swift in Sources */ = {isa = PBXBuildFile; fileRef = DFE8A2342AC3D11300ED6917 /* MainMiddleView.swift */; };
		DFE8A2372AC3D11800ED6917 /* MainMyLocationView.swift in Sources */ = {isa = PBXBuildFile; fileRef = DFE8A2362AC3D11800ED6917 /* MainMyLocationView.swift */; };
		DFE8A2392AC3D11B00ED6917 /* MainTopView.swift in Sources */ = {isa = PBXBuildFile; fileRef = DFE8A2382AC3D11B00ED6917 /* MainTopView.swift */; };
		DFE8A23B2AC3D11F00ED6917 /* MainWeatherForecastView.swift in Sources */ = {isa = PBXBuildFile; fileRef = DFE8A23A2AC3D11F00ED6917 /* MainWeatherForecastView.swift */; };
		DFE8A23D2AC3D12300ED6917 /* MyLocationUIView.swift in Sources */ = {isa = PBXBuildFile; fileRef = DFE8A23C2AC3D12300ED6917 /* MyLocationUIView.swift */; };
		DFE8A2402AC3D15500ED6917 /* GeocodingAPIKey.swift in Sources */ = {isa = PBXBuildFile; fileRef = DFE8A23F2AC3D15500ED6917 /* GeocodingAPIKey.swift */; };
		DFF9011E2AC19F7E005BD423 /* SearchPageTableViewCell.swift in Sources */ = {isa = PBXBuildFile; fileRef = DFF9011D2AC19F7E005BD423 /* SearchPageTableViewCell.swift */; };
		FBB1367F2AC15D300010CED0 /* AppDelegate.swift in Sources */ = {isa = PBXBuildFile; fileRef = FBB1367E2AC15D300010CED0 /* AppDelegate.swift */; };
		FBB136812AC15D300010CED0 /* SceneDelegate.swift in Sources */ = {isa = PBXBuildFile; fileRef = FBB136802AC15D300010CED0 /* SceneDelegate.swift */; };
		FBB136832AC15D300010CED0 /* MainViewController.swift in Sources */ = {isa = PBXBuildFile; fileRef = FBB136822AC15D300010CED0 /* MainViewController.swift */; };
		FBB136882AC15D320010CED0 /* Assets.xcassets in Resources */ = {isa = PBXBuildFile; fileRef = FBB136872AC15D320010CED0 /* Assets.xcassets */; };
		FBB1368B2AC15D320010CED0 /* LaunchScreen.storyboard in Resources */ = {isa = PBXBuildFile; fileRef = FBB136892AC15D320010CED0 /* LaunchScreen.storyboard */; };
		FBB1369F2AC15F140010CED0 /* DateFormatter.swift in Sources */ = {isa = PBXBuildFile; fileRef = FBB1369B2AC15F140010CED0 /* DateFormatter.swift */; };
		FBB136A22AC160010010CED0 /* SnapKit in Frameworks */ = {isa = PBXBuildFile; productRef = FBB136A12AC160010010CED0 /* SnapKit */; };
		FBB136AE2AC26ABA0010CED0 /* MainView.swift in Sources */ = {isa = PBXBuildFile; fileRef = FBB136AD2AC26ABA0010CED0 /* MainView.swift */; };
		FBB136D12AC3C85A0010CED0 /* Location.swift in Sources */ = {isa = PBXBuildFile; fileRef = FBB136D02AC3C85A0010CED0 /* Location.swift */; };
		FBB136D32AC3C8620010CED0 /* SearchHistory.swift in Sources */ = {isa = PBXBuildFile; fileRef = FBB136D22AC3C8620010CED0 /* SearchHistory.swift */; };
		FBB136E52AC3C98E0010CED0 /* SearchPageViewController.swift in Sources */ = {isa = PBXBuildFile; fileRef = FBB136E42AC3C98E0010CED0 /* SearchPageViewController.swift */; };
		FBB136E72AC3CD280010CED0 /* NavigationBarItem +.swift in Sources */ = {isa = PBXBuildFile; fileRef = FBB136E62AC3CD280010CED0 /* NavigationBarItem +.swift */; };
		FBB136E92AC3CD2E0010CED0 /* UIButton +.swift in Sources */ = {isa = PBXBuildFile; fileRef = FBB136E82AC3CD2E0010CED0 /* UIButton +.swift */; };
		FBB136EB2AC3CD340010CED0 /* UILabel +.swift in Sources */ = {isa = PBXBuildFile; fileRef = FBB136EA2AC3CD340010CED0 /* UILabel +.swift */; };
		FBB136ED2AC3CD390010CED0 /* UIStackView +.swift in Sources */ = {isa = PBXBuildFile; fileRef = FBB136EC2AC3CD390010CED0 /* UIStackView +.swift */; };
		FBB136F12AC3CDD40010CED0 /* SearchPageVM.swift in Sources */ = {isa = PBXBuildFile; fileRef = FBB136F02AC3CDD40010CED0 /* SearchPageVM.swift */; };
/* End PBXBuildFile section */

/* Begin PBXCopyFilesBuildPhase section */
		1F5D683C2AC275C800758EF7 /* Embed Frameworks */ = {
			isa = PBXCopyFilesBuildPhase;
			buildActionMask = 2147483647;
			dstPath = "";
			dstSubfolderSpec = 10;
			files = (
				1F5D683B2AC275C800758EF7 /* Pods_Weather_Fairy.framework in Embed Frameworks */,
			);
			name = "Embed Frameworks";
			runOnlyForDeploymentPostprocessing = 0;
		};
/* End PBXCopyFilesBuildPhase section */

/* Begin PBXFileReference section */
		000F2C10AEC75063171A8CB1 /* Pods-Weather_Fairy.release.xcconfig */ = {isa = PBXFileReference; includeInIndex = 1; lastKnownFileType = text.xcconfig; name = "Pods-Weather_Fairy.release.xcconfig"; path = "Target Support Files/Pods-Weather_Fairy/Pods-Weather_Fairy.release.xcconfig"; sourceTree = "<group>"; };
		1F5D683E2AC2779500758EF7 /* Notification.swift */ = {isa = PBXFileReference; lastKnownFileType = sourcecode.swift; path = Notification.swift; sourceTree = "<group>"; };
		5316D0FD1C697B4F5FB0B126 /* Pods_Weather_Fairy.framework */ = {isa = PBXFileReference; explicitFileType = wrapper.framework; includeInIndex = 0; path = Pods_Weather_Fairy.framework; sourceTree = BUILT_PRODUCTS_DIR; };
		DFE8A22A2AC3D01000ED6917 /* imageView +.swift */ = {isa = PBXFileReference; lastKnownFileType = sourcecode.swift; path = "imageView +.swift"; sourceTree = "<group>"; };
		DFE8A2302AC3D10900ED6917 /* CurrentLocationViewItem.swift */ = {isa = PBXFileReference; fileEncoding = 4; lastKnownFileType = sourcecode.swift; path = CurrentLocationViewItem.swift; sourceTree = "<group>"; };
		DFE8A2322AC3D10E00ED6917 /* MainCurrentWeatherView.swift */ = {isa = PBXFileReference; fileEncoding = 4; lastKnownFileType = sourcecode.swift; path = MainCurrentWeatherView.swift; sourceTree = "<group>"; };
		DFE8A2342AC3D11300ED6917 /* MainMiddleView.swift */ = {isa = PBXFileReference; fileEncoding = 4; lastKnownFileType = sourcecode.swift; path = MainMiddleView.swift; sourceTree = "<group>"; };
		DFE8A2362AC3D11800ED6917 /* MainMyLocationView.swift */ = {isa = PBXFileReference; fileEncoding = 4; lastKnownFileType = sourcecode.swift; path = MainMyLocationView.swift; sourceTree = "<group>"; };
		DFE8A2382AC3D11B00ED6917 /* MainTopView.swift */ = {isa = PBXFileReference; fileEncoding = 4; lastKnownFileType = sourcecode.swift; path = MainTopView.swift; sourceTree = "<group>"; };
		DFE8A23A2AC3D11F00ED6917 /* MainWeatherForecastView.swift */ = {isa = PBXFileReference; fileEncoding = 4; lastKnownFileType = sourcecode.swift; path = MainWeatherForecastView.swift; sourceTree = "<group>"; };
		DFE8A23C2AC3D12300ED6917 /* MyLocationUIView.swift */ = {isa = PBXFileReference; fileEncoding = 4; lastKnownFileType = sourcecode.swift; path = MyLocationUIView.swift; sourceTree = "<group>"; };
		DFE8A23F2AC3D15500ED6917 /* GeocodingAPIKey.swift */ = {isa = PBXFileReference; lastKnownFileType = sourcecode.swift; path = GeocodingAPIKey.swift; sourceTree = "<group>"; };
		DFF9011D2AC19F7E005BD423 /* SearchPageTableViewCell.swift */ = {isa = PBXFileReference; lastKnownFileType = sourcecode.swift; path = SearchPageTableViewCell.swift; sourceTree = "<group>"; };
		FB233156264ED27AC393A10D /* Pods-Weather_Fairy.debug.xcconfig */ = {isa = PBXFileReference; includeInIndex = 1; lastKnownFileType = text.xcconfig; name = "Pods-Weather_Fairy.debug.xcconfig"; path = "Target Support Files/Pods-Weather_Fairy/Pods-Weather_Fairy.debug.xcconfig"; sourceTree = "<group>"; };
		FBB1367B2AC15D300010CED0 /* Weather_Fairy.app */ = {isa = PBXFileReference; explicitFileType = wrapper.application; includeInIndex = 0; path = Weather_Fairy.app; sourceTree = BUILT_PRODUCTS_DIR; };
		FBB1367E2AC15D300010CED0 /* AppDelegate.swift */ = {isa = PBXFileReference; lastKnownFileType = sourcecode.swift; path = AppDelegate.swift; sourceTree = "<group>"; };
		FBB136802AC15D300010CED0 /* SceneDelegate.swift */ = {isa = PBXFileReference; lastKnownFileType = sourcecode.swift; path = SceneDelegate.swift; sourceTree = "<group>"; };
		FBB136822AC15D300010CED0 /* MainViewController.swift */ = {isa = PBXFileReference; lastKnownFileType = sourcecode.swift; path = MainViewController.swift; sourceTree = "<group>"; };
		FBB136872AC15D320010CED0 /* Assets.xcassets */ = {isa = PBXFileReference; lastKnownFileType = folder.assetcatalog; path = Assets.xcassets; sourceTree = "<group>"; };
		FBB1368A2AC15D320010CED0 /* Base */ = {isa = PBXFileReference; lastKnownFileType = file.storyboard; name = Base; path = Base.lproj/LaunchScreen.storyboard; sourceTree = "<group>"; };
		FBB1368C2AC15D320010CED0 /* Info.plist */ = {isa = PBXFileReference; lastKnownFileType = text.plist.xml; path = Info.plist; sourceTree = "<group>"; };
		FBB1369B2AC15F140010CED0 /* DateFormatter.swift */ = {isa = PBXFileReference; fileEncoding = 4; lastKnownFileType = sourcecode.swift; path = DateFormatter.swift; sourceTree = "<group>"; };
		FBB136AD2AC26ABA0010CED0 /* MainView.swift */ = {isa = PBXFileReference; lastKnownFileType = sourcecode.swift; path = MainView.swift; sourceTree = "<group>"; };
		FBB136D02AC3C85A0010CED0 /* Location.swift */ = {isa = PBXFileReference; fileEncoding = 4; lastKnownFileType = sourcecode.swift; path = Location.swift; sourceTree = "<group>"; };
		FBB136D22AC3C8620010CED0 /* SearchHistory.swift */ = {isa = PBXFileReference; fileEncoding = 4; lastKnownFileType = sourcecode.swift; path = SearchHistory.swift; sourceTree = "<group>"; };
		FBB136E42AC3C98E0010CED0 /* SearchPageViewController.swift */ = {isa = PBXFileReference; fileEncoding = 4; lastKnownFileType = sourcecode.swift; path = SearchPageViewController.swift; sourceTree = "<group>"; };
		FBB136E62AC3CD280010CED0 /* NavigationBarItem +.swift */ = {isa = PBXFileReference; fileEncoding = 4; lastKnownFileType = sourcecode.swift; path = "NavigationBarItem +.swift"; sourceTree = "<group>"; };
		FBB136E82AC3CD2E0010CED0 /* UIButton +.swift */ = {isa = PBXFileReference; fileEncoding = 4; lastKnownFileType = sourcecode.swift; path = "UIButton +.swift"; sourceTree = "<group>"; };
		FBB136EA2AC3CD340010CED0 /* UILabel +.swift */ = {isa = PBXFileReference; fileEncoding = 4; lastKnownFileType = sourcecode.swift; path = "UILabel +.swift"; sourceTree = "<group>"; };
		FBB136EC2AC3CD390010CED0 /* UIStackView +.swift */ = {isa = PBXFileReference; fileEncoding = 4; lastKnownFileType = sourcecode.swift; path = "UIStackView +.swift"; sourceTree = "<group>"; };
		FBB136F02AC3CDD40010CED0 /* SearchPageVM.swift */ = {isa = PBXFileReference; fileEncoding = 4; lastKnownFileType = sourcecode.swift; path = SearchPageVM.swift; sourceTree = "<group>"; };
/* End PBXFileReference section */

/* Begin PBXFrameworksBuildPhase section */
		FBB136782AC15D300010CED0 /* Frameworks */ = {
			isa = PBXFrameworksBuildPhase;
			buildActionMask = 2147483647;
			files = (
				FBB136A22AC160010010CED0 /* SnapKit in Frameworks */,
				1F5D683A2AC275C800758EF7 /* Pods_Weather_Fairy.framework in Frameworks */,
			);
			runOnlyForDeploymentPostprocessing = 0;
		};
/* End PBXFrameworksBuildPhase section */

/* Begin PBXGroup section */
		1F5D683D2AC2776A00758EF7 /* Notification */ = {
			isa = PBXGroup;
			children = (
				1F5D683E2AC2779500758EF7 /* Notification.swift */,
			);
			path = Notification;
			sourceTree = "<group>";
		};
		383AEDFFDB11186793050C76 /* Pods */ = {
			isa = PBXGroup;
			children = (
				FB233156264ED27AC393A10D /* Pods-Weather_Fairy.debug.xcconfig */,
				000F2C10AEC75063171A8CB1 /* Pods-Weather_Fairy.release.xcconfig */,
			);
			path = Pods;
			sourceTree = "<group>";
		};
		74BE349D8850EDB9535B4AE8 /* Frameworks */ = {
			isa = PBXGroup;
			children = (
				5316D0FD1C697B4F5FB0B126 /* Pods_Weather_Fairy.framework */,
			);
			name = Frameworks;
			sourceTree = "<group>";
		};
		DFA298272AC16C0C00700EF1 /* ViewModel */ = {
			isa = PBXGroup;
			children = (
				DFE8A23E2AC3D12B00ED6917 /* API */,
				FBB136F02AC3CDD40010CED0 /* SearchPageVM.swift */,
			);
			path = ViewModel;
			sourceTree = "<group>";
		};
		DFE8A22F2AC3D0DE00ED6917 /* UIViewItem */ = {
			isa = PBXGroup;
			children = (
				DFE8A23C2AC3D12300ED6917 /* MyLocationUIView.swift */,
				DFE8A23A2AC3D11F00ED6917 /* MainWeatherForecastView.swift */,
				DFE8A2382AC3D11B00ED6917 /* MainTopView.swift */,
				DFE8A2362AC3D11800ED6917 /* MainMyLocationView.swift */,
				DFE8A2342AC3D11300ED6917 /* MainMiddleView.swift */,
				DFE8A2322AC3D10E00ED6917 /* MainCurrentWeatherView.swift */,
				DFE8A2302AC3D10900ED6917 /* CurrentLocationViewItem.swift */,
			);
			path = UIViewItem;
			sourceTree = "<group>";
		};
		DFE8A23E2AC3D12B00ED6917 /* API */ = {
			isa = PBXGroup;
			children = (
				DFE8A23F2AC3D15500ED6917 /* GeocodingAPIKey.swift */,
			);
			path = API;
			sourceTree = "<group>";
		};
		DFF9011C2AC19F25005BD423 /* Cell */ = {
			isa = PBXGroup;
			children = (
				DFF9011D2AC19F7E005BD423 /* SearchPageTableViewCell.swift */,
			);
			path = Cell;
			sourceTree = "<group>";
		};
		FBB136722AC15D300010CED0 = {
			isa = PBXGroup;
			children = (
				FBB1367D2AC15D300010CED0 /* Weather_Fairy */,
				FBB1367C2AC15D300010CED0 /* Products */,
				74BE349D8850EDB9535B4AE8 /* Frameworks */,
				383AEDFFDB11186793050C76 /* Pods */,
			);
			sourceTree = "<group>";
		};
		FBB1367C2AC15D300010CED0 /* Products */ = {
			isa = PBXGroup;
			children = (
				FBB1367B2AC15D300010CED0 /* Weather_Fairy.app */,
			);
			name = Products;
			sourceTree = "<group>";
		};
		FBB1367D2AC15D300010CED0 /* Weather_Fairy */ = {
			isa = PBXGroup;
			children = (
				FBB136CF2AC3C8070010CED0 /* Model */,
				1F5D683D2AC2776A00758EF7 /* Notification */,
				FBB136972AC15EFB0010CED0 /* Components */,
				DFA298272AC16C0C00700EF1 /* ViewModel */,
				FBB136932AC15E5E0010CED0 /* View */,
				FBB136922AC15E390010CED0 /* Resources */,
				FBB1368C2AC15D320010CED0 /* Info.plist */,
			);
			path = Weather_Fairy;
			sourceTree = "<group>";
		};
		FBB136922AC15E390010CED0 /* Resources */ = {
			isa = PBXGroup;
			children = (
				FBB1367E2AC15D300010CED0 /* AppDelegate.swift */,
				FBB136802AC15D300010CED0 /* SceneDelegate.swift */,
				FBB136872AC15D320010CED0 /* Assets.xcassets */,
				FBB136892AC15D320010CED0 /* LaunchScreen.storyboard */,
			);
			path = Resources;
			sourceTree = "<group>";
		};
		FBB136932AC15E5E0010CED0 /* View */ = {
			isa = PBXGroup;
			children = (
				FBB136E42AC3C98E0010CED0 /* SearchPageViewController.swift */,
				FBB136822AC15D300010CED0 /* MainViewController.swift */,
				FBB136AD2AC26ABA0010CED0 /* MainView.swift */,
				DFE8A22F2AC3D0DE00ED6917 /* UIViewItem */,
				DFF9011C2AC19F25005BD423 /* Cell */,
			);
			path = View;
			sourceTree = "<group>";
		};
		FBB136972AC15EFB0010CED0 /* Components */ = {
			isa = PBXGroup;
			children = (
				FBB136EA2AC3CD340010CED0 /* UILabel +.swift */,
				FBB136E82AC3CD2E0010CED0 /* UIButton +.swift */,
				FBB136EC2AC3CD390010CED0 /* UIStackView +.swift */,
				FBB136E62AC3CD280010CED0 /* NavigationBarItem +.swift */,
				FBB1369B2AC15F140010CED0 /* DateFormatter.swift */,
				DFE8A22A2AC3D01000ED6917 /* imageView +.swift */,
			);
			path = Components;
			sourceTree = "<group>";
		};
		FBB136CF2AC3C8070010CED0 /* Model */ = {
			isa = PBXGroup;
			children = (
				FBB136D02AC3C85A0010CED0 /* Location.swift */,
				FBB136D22AC3C8620010CED0 /* SearchHistory.swift */,
			);
			path = Model;
			sourceTree = "<group>";
		};
/* End PBXGroup section */

/* Begin PBXNativeTarget section */
		FBB1367A2AC15D300010CED0 /* Weather_Fairy */ = {
			isa = PBXNativeTarget;
			buildConfigurationList = FBB1368F2AC15D320010CED0 /* Build configuration list for PBXNativeTarget "Weather_Fairy" */;
			buildPhases = (
				27641E5366A7EB5FC5328AF8 /* [CP] Check Pods Manifest.lock */,
				FBB136772AC15D300010CED0 /* Sources */,
				FBB136782AC15D300010CED0 /* Frameworks */,
				FBB136792AC15D300010CED0 /* Resources */,
				1F5D683C2AC275C800758EF7 /* Embed Frameworks */,
			);
			buildRules = (
			);
			dependencies = (
			);
			name = Weather_Fairy;
			packageProductDependencies = (
				FBB136A12AC160010010CED0 /* SnapKit */,
			);
			productName = Weather_Fairy;
			productReference = FBB1367B2AC15D300010CED0 /* Weather_Fairy.app */;
			productType = "com.apple.product-type.application";
		};
/* End PBXNativeTarget section */

/* Begin PBXProject section */
		FBB136732AC15D300010CED0 /* Project object */ = {
			isa = PBXProject;
			attributes = {
				BuildIndependentTargetsInParallel = 1;
				LastSwiftUpdateCheck = 1430;
				LastUpgradeCheck = 1430;
				TargetAttributes = {
					FBB1367A2AC15D300010CED0 = {
						CreatedOnToolsVersion = 14.3.1;
					};
				};
			};
			buildConfigurationList = FBB136762AC15D300010CED0 /* Build configuration list for PBXProject "Weather_Fairy" */;
			compatibilityVersion = "Xcode 14.0";
			developmentRegion = en;
			hasScannedForEncodings = 0;
			knownRegions = (
				en,
				Base,
			);
			mainGroup = FBB136722AC15D300010CED0;
			packageReferences = (
				FBB136A02AC160010010CED0 /* XCRemoteSwiftPackageReference "SnapKit" */,
			);
			productRefGroup = FBB1367C2AC15D300010CED0 /* Products */;
			projectDirPath = "";
			projectRoot = "";
			targets = (
				FBB1367A2AC15D300010CED0 /* Weather_Fairy */,
			);
		};
/* End PBXProject section */

/* Begin PBXResourcesBuildPhase section */
		FBB136792AC15D300010CED0 /* Resources */ = {
			isa = PBXResourcesBuildPhase;
			buildActionMask = 2147483647;
			files = (
				FBB1368B2AC15D320010CED0 /* LaunchScreen.storyboard in Resources */,
				FBB136882AC15D320010CED0 /* Assets.xcassets in Resources */,
			);
			runOnlyForDeploymentPostprocessing = 0;
		};
/* End PBXResourcesBuildPhase section */

/* Begin PBXShellScriptBuildPhase section */
		27641E5366A7EB5FC5328AF8 /* [CP] Check Pods Manifest.lock */ = {
			isa = PBXShellScriptBuildPhase;
			buildActionMask = 2147483647;
			files = (
			);
			inputFileListPaths = (
			);
			inputPaths = (
				"${PODS_PODFILE_DIR_PATH}/Podfile.lock",
				"${PODS_ROOT}/Manifest.lock",
			);
			name = "[CP] Check Pods Manifest.lock";
			outputFileListPaths = (
			);
			outputPaths = (
				"$(DERIVED_FILE_DIR)/Pods-Weather_Fairy-checkManifestLockResult.txt",
			);
			runOnlyForDeploymentPostprocessing = 0;
			shellPath = /bin/sh;
			shellScript = "diff \"${PODS_PODFILE_DIR_PATH}/Podfile.lock\" \"${PODS_ROOT}/Manifest.lock\" > /dev/null\nif [ $? != 0 ] ; then\n    # print error to STDERR\n    echo \"error: The sandbox is not in sync with the Podfile.lock. Run 'pod install' or update your CocoaPods installation.\" >&2\n    exit 1\nfi\n# This output is used by Xcode 'outputs' to avoid re-running this script phase.\necho \"SUCCESS\" > \"${SCRIPT_OUTPUT_FILE_0}\"\n";
			showEnvVarsInLog = 0;
		};
/* End PBXShellScriptBuildPhase section */

/* Begin PBXSourcesBuildPhase section */
		FBB136772AC15D300010CED0 /* Sources */ = {
			isa = PBXSourcesBuildPhase;
			buildActionMask = 2147483647;
			files = (
				DFE8A23D2AC3D12300ED6917 /* MyLocationUIView.swift in Sources */,
				FBB136ED2AC3CD390010CED0 /* UIStackView +.swift in Sources */,
				DFE8A2402AC3D15500ED6917 /* GeocodingAPIKey.swift in Sources */,
				FBB136E92AC3CD2E0010CED0 /* UIButton +.swift in Sources */,
				FBB136D12AC3C85A0010CED0 /* Location.swift in Sources */,
				FBB136E52AC3C98E0010CED0 /* SearchPageViewController.swift in Sources */,
				FBB136832AC15D300010CED0 /* MainViewController.swift in Sources */,
				DFE8A22B2AC3D01000ED6917 /* imageView +.swift in Sources */,
				DFF9011E2AC19F7E005BD423 /* SearchPageTableViewCell.swift in Sources */,
				FBB136EB2AC3CD340010CED0 /* UILabel +.swift in Sources */,
				FBB136E72AC3CD280010CED0 /* NavigationBarItem +.swift in Sources */,
				FBB1369F2AC15F140010CED0 /* DateFormatter.swift in Sources */,
				DFE8A2372AC3D11800ED6917 /* MainMyLocationView.swift in Sources */,
				DFE8A23B2AC3D11F00ED6917 /* MainWeatherForecastView.swift in Sources */,
				DFE8A2332AC3D10E00ED6917 /* MainCurrentWeatherView.swift in Sources */,
				DFE8A2392AC3D11B00ED6917 /* MainTopView.swift in Sources */,
				FBB136D32AC3C8620010CED0 /* SearchHistory.swift in Sources */,
				FBB1367F2AC15D300010CED0 /* AppDelegate.swift in Sources */,
				FBB136AE2AC26ABA0010CED0 /* MainView.swift in Sources */,
				FBB136F12AC3CDD40010CED0 /* SearchPageVM.swift in Sources */,
				DFE8A2312AC3D10900ED6917 /* CurrentLocationViewItem.swift in Sources */,
				1F5D683F2AC2779500758EF7 /* Notification.swift in Sources */,
				FBB136812AC15D300010CED0 /* SceneDelegate.swift in Sources */,
				DFE8A2352AC3D11300ED6917 /* MainMiddleView.swift in Sources */,
			);
			runOnlyForDeploymentPostprocessing = 0;
		};
/* End PBXSourcesBuildPhase section */

/* Begin PBXVariantGroup section */
		FBB136892AC15D320010CED0 /* LaunchScreen.storyboard */ = {
			isa = PBXVariantGroup;
			children = (
				FBB1368A2AC15D320010CED0 /* Base */,
			);
			name = LaunchScreen.storyboard;
			sourceTree = "<group>";
		};
/* End PBXVariantGroup section */

/* Begin XCBuildConfiguration section */
		FBB1368D2AC15D320010CED0 /* Debug */ = {
			isa = XCBuildConfiguration;
			buildSettings = {
				ALWAYS_SEARCH_USER_PATHS = NO;
				CLANG_ANALYZER_NONNULL = YES;
				CLANG_ANALYZER_NUMBER_OBJECT_CONVERSION = YES_AGGRESSIVE;
				CLANG_CXX_LANGUAGE_STANDARD = "gnu++20";
				CLANG_ENABLE_MODULES = YES;
				CLANG_ENABLE_OBJC_ARC = YES;
				CLANG_ENABLE_OBJC_WEAK = YES;
				CLANG_WARN_BLOCK_CAPTURE_AUTORELEASING = YES;
				CLANG_WARN_BOOL_CONVERSION = YES;
				CLANG_WARN_COMMA = YES;
				CLANG_WARN_CONSTANT_CONVERSION = YES;
				CLANG_WARN_DEPRECATED_OBJC_IMPLEMENTATIONS = YES;
				CLANG_WARN_DIRECT_OBJC_ISA_USAGE = YES_ERROR;
				CLANG_WARN_DOCUMENTATION_COMMENTS = YES;
				CLANG_WARN_EMPTY_BODY = YES;
				CLANG_WARN_ENUM_CONVERSION = YES;
				CLANG_WARN_INFINITE_RECURSION = YES;
				CLANG_WARN_INT_CONVERSION = YES;
				CLANG_WARN_NON_LITERAL_NULL_CONVERSION = YES;
				CLANG_WARN_OBJC_IMPLICIT_RETAIN_SELF = YES;
				CLANG_WARN_OBJC_LITERAL_CONVERSION = YES;
				CLANG_WARN_OBJC_ROOT_CLASS = YES_ERROR;
				CLANG_WARN_QUOTED_INCLUDE_IN_FRAMEWORK_HEADER = YES;
				CLANG_WARN_RANGE_LOOP_ANALYSIS = YES;
				CLANG_WARN_STRICT_PROTOTYPES = YES;
				CLANG_WARN_SUSPICIOUS_MOVE = YES;
				CLANG_WARN_UNGUARDED_AVAILABILITY = YES_AGGRESSIVE;
				CLANG_WARN_UNREACHABLE_CODE = YES;
				CLANG_WARN__DUPLICATE_METHOD_MATCH = YES;
				COPY_PHASE_STRIP = NO;
				DEBUG_INFORMATION_FORMAT = dwarf;
				ENABLE_STRICT_OBJC_MSGSEND = YES;
				ENABLE_TESTABILITY = YES;
				GCC_C_LANGUAGE_STANDARD = gnu11;
				GCC_DYNAMIC_NO_PIC = NO;
				GCC_NO_COMMON_BLOCKS = YES;
				GCC_OPTIMIZATION_LEVEL = 0;
				GCC_PREPROCESSOR_DEFINITIONS = (
					"DEBUG=1",
					"$(inherited)",
				);
				GCC_WARN_64_TO_32_BIT_CONVERSION = YES;
				GCC_WARN_ABOUT_RETURN_TYPE = YES_ERROR;
				GCC_WARN_UNDECLARED_SELECTOR = YES;
				GCC_WARN_UNINITIALIZED_AUTOS = YES_AGGRESSIVE;
				GCC_WARN_UNUSED_FUNCTION = YES;
				GCC_WARN_UNUSED_VARIABLE = YES;
				IPHONEOS_DEPLOYMENT_TARGET = 16.4;
				MTL_ENABLE_DEBUG_INFO = INCLUDE_SOURCE;
				MTL_FAST_MATH = YES;
				ONLY_ACTIVE_ARCH = YES;
				SDKROOT = iphoneos;
				SWIFT_ACTIVE_COMPILATION_CONDITIONS = DEBUG;
				SWIFT_OPTIMIZATION_LEVEL = "-Onone";
			};
			name = Debug;
		};
		FBB1368E2AC15D320010CED0 /* Release */ = {
			isa = XCBuildConfiguration;
			buildSettings = {
				ALWAYS_SEARCH_USER_PATHS = NO;
				CLANG_ANALYZER_NONNULL = YES;
				CLANG_ANALYZER_NUMBER_OBJECT_CONVERSION = YES_AGGRESSIVE;
				CLANG_CXX_LANGUAGE_STANDARD = "gnu++20";
				CLANG_ENABLE_MODULES = YES;
				CLANG_ENABLE_OBJC_ARC = YES;
				CLANG_ENABLE_OBJC_WEAK = YES;
				CLANG_WARN_BLOCK_CAPTURE_AUTORELEASING = YES;
				CLANG_WARN_BOOL_CONVERSION = YES;
				CLANG_WARN_COMMA = YES;
				CLANG_WARN_CONSTANT_CONVERSION = YES;
				CLANG_WARN_DEPRECATED_OBJC_IMPLEMENTATIONS = YES;
				CLANG_WARN_DIRECT_OBJC_ISA_USAGE = YES_ERROR;
				CLANG_WARN_DOCUMENTATION_COMMENTS = YES;
				CLANG_WARN_EMPTY_BODY = YES;
				CLANG_WARN_ENUM_CONVERSION = YES;
				CLANG_WARN_INFINITE_RECURSION = YES;
				CLANG_WARN_INT_CONVERSION = YES;
				CLANG_WARN_NON_LITERAL_NULL_CONVERSION = YES;
				CLANG_WARN_OBJC_IMPLICIT_RETAIN_SELF = YES;
				CLANG_WARN_OBJC_LITERAL_CONVERSION = YES;
				CLANG_WARN_OBJC_ROOT_CLASS = YES_ERROR;
				CLANG_WARN_QUOTED_INCLUDE_IN_FRAMEWORK_HEADER = YES;
				CLANG_WARN_RANGE_LOOP_ANALYSIS = YES;
				CLANG_WARN_STRICT_PROTOTYPES = YES;
				CLANG_WARN_SUSPICIOUS_MOVE = YES;
				CLANG_WARN_UNGUARDED_AVAILABILITY = YES_AGGRESSIVE;
				CLANG_WARN_UNREACHABLE_CODE = YES;
				CLANG_WARN__DUPLICATE_METHOD_MATCH = YES;
				COPY_PHASE_STRIP = NO;
				DEBUG_INFORMATION_FORMAT = "dwarf-with-dsym";
				ENABLE_NS_ASSERTIONS = NO;
				ENABLE_STRICT_OBJC_MSGSEND = YES;
				GCC_C_LANGUAGE_STANDARD = gnu11;
				GCC_NO_COMMON_BLOCKS = YES;
				GCC_WARN_64_TO_32_BIT_CONVERSION = YES;
				GCC_WARN_ABOUT_RETURN_TYPE = YES_ERROR;
				GCC_WARN_UNDECLARED_SELECTOR = YES;
				GCC_WARN_UNINITIALIZED_AUTOS = YES_AGGRESSIVE;
				GCC_WARN_UNUSED_FUNCTION = YES;
				GCC_WARN_UNUSED_VARIABLE = YES;
				IPHONEOS_DEPLOYMENT_TARGET = 16.4;
				MTL_ENABLE_DEBUG_INFO = NO;
				MTL_FAST_MATH = YES;
				SDKROOT = iphoneos;
				SWIFT_COMPILATION_MODE = wholemodule;
				SWIFT_OPTIMIZATION_LEVEL = "-O";
				VALIDATE_PRODUCT = YES;
			};
			name = Release;
		};
		FBB136902AC15D320010CED0 /* Debug */ = {
			isa = XCBuildConfiguration;
			baseConfigurationReference = FB233156264ED27AC393A10D /* Pods-Weather_Fairy.debug.xcconfig */;
			buildSettings = {
				ASSETCATALOG_COMPILER_APPICON_NAME = AppIcon;
				ASSETCATALOG_COMPILER_GLOBAL_ACCENT_COLOR_NAME = AccentColor;
				CODE_SIGN_STYLE = Automatic;
				CURRENT_PROJECT_VERSION = 1;
				DEVELOPMENT_TEAM = V7K58MBUV9;
				GENERATE_INFOPLIST_FILE = YES;
				INFOPLIST_FILE = Weather_Fairy/Info.plist;
				INFOPLIST_KEY_UIApplicationSupportsIndirectInputEvents = YES;
				INFOPLIST_KEY_UILaunchStoryboardName = LaunchScreen;
				INFOPLIST_KEY_UISupportedInterfaceOrientations_iPad = "UIInterfaceOrientationPortrait UIInterfaceOrientationPortraitUpsideDown UIInterfaceOrientationLandscapeLeft UIInterfaceOrientationLandscapeRight";
				INFOPLIST_KEY_UISupportedInterfaceOrientations_iPhone = "UIInterfaceOrientationPortrait UIInterfaceOrientationLandscapeLeft UIInterfaceOrientationLandscapeRight";
				LD_RUNPATH_SEARCH_PATHS = (
					"$(inherited)",
					"@executable_path/Frameworks",
				);
				MARKETING_VERSION = 1.0;
				PRODUCT_BUNDLE_IDENTIFIER = "com.luna.Weather-Fairy";
				PRODUCT_NAME = "$(TARGET_NAME)";
				SWIFT_EMIT_LOC_STRINGS = YES;
				SWIFT_VERSION = 5.0;
				TARGETED_DEVICE_FAMILY = "1,2";
			};
			name = Debug;
		};
		FBB136912AC15D320010CED0 /* Release */ = {
			isa = XCBuildConfiguration;
			baseConfigurationReference = 000F2C10AEC75063171A8CB1 /* Pods-Weather_Fairy.release.xcconfig */;
			buildSettings = {
				ASSETCATALOG_COMPILER_APPICON_NAME = AppIcon;
				ASSETCATALOG_COMPILER_GLOBAL_ACCENT_COLOR_NAME = AccentColor;
				CODE_SIGN_STYLE = Automatic;
				CURRENT_PROJECT_VERSION = 1;
				DEVELOPMENT_TEAM = V7K58MBUV9;
				GENERATE_INFOPLIST_FILE = YES;
				INFOPLIST_FILE = Weather_Fairy/Info.plist;
				INFOPLIST_KEY_UIApplicationSupportsIndirectInputEvents = YES;
				INFOPLIST_KEY_UILaunchStoryboardName = LaunchScreen;
				INFOPLIST_KEY_UISupportedInterfaceOrientations_iPad = "UIInterfaceOrientationPortrait UIInterfaceOrientationPortraitUpsideDown UIInterfaceOrientationLandscapeLeft UIInterfaceOrientationLandscapeRight";
				INFOPLIST_KEY_UISupportedInterfaceOrientations_iPhone = "UIInterfaceOrientationPortrait UIInterfaceOrientationLandscapeLeft UIInterfaceOrientationLandscapeRight";
				LD_RUNPATH_SEARCH_PATHS = (
					"$(inherited)",
					"@executable_path/Frameworks",
				);
				MARKETING_VERSION = 1.0;
				PRODUCT_BUNDLE_IDENTIFIER = "com.luna.Weather-Fairy";
				PRODUCT_NAME = "$(TARGET_NAME)";
				SWIFT_EMIT_LOC_STRINGS = YES;
				SWIFT_VERSION = 5.0;
				TARGETED_DEVICE_FAMILY = "1,2";
			};
			name = Release;
		};
/* End XCBuildConfiguration section */

/* Begin XCConfigurationList section */
		FBB136762AC15D300010CED0 /* Build configuration list for PBXProject "Weather_Fairy" */ = {
			isa = XCConfigurationList;
			buildConfigurations = (
				FBB1368D2AC15D320010CED0 /* Debug */,
				FBB1368E2AC15D320010CED0 /* Release */,
			);
			defaultConfigurationIsVisible = 0;
			defaultConfigurationName = Release;
		};
		FBB1368F2AC15D320010CED0 /* Build configuration list for PBXNativeTarget "Weather_Fairy" */ = {
			isa = XCConfigurationList;
			buildConfigurations = (
				FBB136902AC15D320010CED0 /* Debug */,
				FBB136912AC15D320010CED0 /* Release */,
			);
			defaultConfigurationIsVisible = 0;
			defaultConfigurationName = Release;
		};
/* End XCConfigurationList section */

/* Begin XCRemoteSwiftPackageReference section */
		FBB136A02AC160010010CED0 /* XCRemoteSwiftPackageReference "SnapKit" */ = {
			isa = XCRemoteSwiftPackageReference;
			repositoryURL = "https://github.com/SnapKit/SnapKit";
			requirement = {
				kind = upToNextMajorVersion;
				minimumVersion = 5.0.0;
			};
		};
/* End XCRemoteSwiftPackageReference section */

/* Begin XCSwiftPackageProductDependency section */
		FBB136A12AC160010010CED0 /* SnapKit */ = {
			isa = XCSwiftPackageProductDependency;
			package = FBB136A02AC160010010CED0 /* XCRemoteSwiftPackageReference "SnapKit" */;
			productName = SnapKit;
		};
/* End XCSwiftPackageProductDependency section */
	};
	rootObject = FBB136732AC15D300010CED0 /* Project object */;
}
