// !$*UTF8*$!
{
	archiveVersion = 1;
	classes = {
	};
	objectVersion = 56;
	objects = {

/* Begin PBXBuildFile section */
		C763EA3B2AC2D9A600B07C90 /* MainWeatherForecastView.swift in Sources */ = {isa = PBXBuildFile; fileRef = C763EA3A2AC2D9A600B07C90 /* MainWeatherForecastView.swift */; };
		C763EA3D2AC2D9BB00B07C90 /* MainMyLocationView.swift in Sources */ = {isa = PBXBuildFile; fileRef = C763EA3C2AC2D9BB00B07C90 /* MainMyLocationView.swift */; };
		C7ABCD422AC28EE800E77072 /* MainTopView.swift in Sources */ = {isa = PBXBuildFile; fileRef = C7ABCD412AC28EE800E77072 /* MainTopView.swift */; };
		C7ABCD442AC2A92F00E77072 /* MainMiddleView.swift in Sources */ = {isa = PBXBuildFile; fileRef = C7ABCD432AC2A92F00E77072 /* MainMiddleView.swift */; };
		C7ABCD462AC2A94C00E77072 /* MainCurrentWeatherView.swift in Sources */ = {isa = PBXBuildFile; fileRef = C7ABCD452AC2A94C00E77072 /* MainCurrentWeatherView.swift */; };
		DFA298232AC1659A00700EF1 /* SearchPageViewController.swift in Sources */ = {isa = PBXBuildFile; fileRef = DFA298222AC1659A00700EF1 /* SearchPageViewController.swift */; };
		DFF9011E2AC19F7E005BD423 /* SearchPageTableViewCell.swift in Sources */ = {isa = PBXBuildFile; fileRef = DFF9011D2AC19F7E005BD423 /* SearchPageTableViewCell.swift */; };
		FBB1367F2AC15D300010CED0 /* AppDelegate.swift in Sources */ = {isa = PBXBuildFile; fileRef = FBB1367E2AC15D300010CED0 /* AppDelegate.swift */; };
		FBB136812AC15D300010CED0 /* SceneDelegate.swift in Sources */ = {isa = PBXBuildFile; fileRef = FBB136802AC15D300010CED0 /* SceneDelegate.swift */; };
		FBB136832AC15D300010CED0 /* MainViewController.swift in Sources */ = {isa = PBXBuildFile; fileRef = FBB136822AC15D300010CED0 /* MainViewController.swift */; };
		FBB136882AC15D320010CED0 /* Assets.xcassets in Resources */ = {isa = PBXBuildFile; fileRef = FBB136872AC15D320010CED0 /* Assets.xcassets */; };
		FBB1368B2AC15D320010CED0 /* LaunchScreen.storyboard in Resources */ = {isa = PBXBuildFile; fileRef = FBB136892AC15D320010CED0 /* LaunchScreen.storyboard */; };
		FBB1369C2AC15F140010CED0 /* UIButton +.swift in Sources */ = {isa = PBXBuildFile; fileRef = FBB136982AC15F140010CED0 /* UIButton +.swift */; };
		FBB1369D2AC15F140010CED0 /* UILabel +.swift in Sources */ = {isa = PBXBuildFile; fileRef = FBB136992AC15F140010CED0 /* UILabel +.swift */; };
		FBB1369E2AC15F140010CED0 /* UIStackView +.swift in Sources */ = {isa = PBXBuildFile; fileRef = FBB1369A2AC15F140010CED0 /* UIStackView +.swift */; };
		FBB1369F2AC15F140010CED0 /* DateFormatter.swift in Sources */ = {isa = PBXBuildFile; fileRef = FBB1369B2AC15F140010CED0 /* DateFormatter.swift */; };
		FBB136A22AC160010010CED0 /* SnapKit in Frameworks */ = {isa = PBXBuildFile; productRef = FBB136A12AC160010010CED0 /* SnapKit */; };
		FBB136A62AC174B40010CED0 /* NavigationBarItem +.swift in Sources */ = {isa = PBXBuildFile; fileRef = FBB136A52AC174B40010CED0 /* NavigationBarItem +.swift */; };
		FBB136A82AC17A3B0010CED0 /* MyLocationUIView.swift in Sources */ = {isa = PBXBuildFile; fileRef = FBB136A72AC17A3B0010CED0 /* MyLocationUIView.swift */; };
		FBB136AE2AC26ABA0010CED0 /* MainView.swift in Sources */ = {isa = PBXBuildFile; fileRef = FBB136AD2AC26ABA0010CED0 /* MainView.swift */; };
/* End PBXBuildFile section */

/* Begin PBXFileReference section */
		C763EA3A2AC2D9A600B07C90 /* MainWeatherForecastView.swift */ = {isa = PBXFileReference; lastKnownFileType = sourcecode.swift; path = MainWeatherForecastView.swift; sourceTree = "<group>"; };
		C763EA3C2AC2D9BB00B07C90 /* MainMyLocationView.swift */ = {isa = PBXFileReference; lastKnownFileType = sourcecode.swift; path = MainMyLocationView.swift; sourceTree = "<group>"; };
		C7ABCD412AC28EE800E77072 /* MainTopView.swift */ = {isa = PBXFileReference; lastKnownFileType = sourcecode.swift; path = MainTopView.swift; sourceTree = "<group>"; };
		C7ABCD432AC2A92F00E77072 /* MainMiddleView.swift */ = {isa = PBXFileReference; lastKnownFileType = sourcecode.swift; path = MainMiddleView.swift; sourceTree = "<group>"; };
		C7ABCD452AC2A94C00E77072 /* MainCurrentWeatherView.swift */ = {isa = PBXFileReference; lastKnownFileType = sourcecode.swift; path = MainCurrentWeatherView.swift; sourceTree = "<group>"; };
		DFA298222AC1659A00700EF1 /* SearchPageViewController.swift */ = {isa = PBXFileReference; lastKnownFileType = sourcecode.swift; path = SearchPageViewController.swift; sourceTree = "<group>"; };
		DFF9011D2AC19F7E005BD423 /* SearchPageTableViewCell.swift */ = {isa = PBXFileReference; lastKnownFileType = sourcecode.swift; path = SearchPageTableViewCell.swift; sourceTree = "<group>"; };
		FBB1367B2AC15D300010CED0 /* Weather_Fairy.app */ = {isa = PBXFileReference; explicitFileType = wrapper.application; includeInIndex = 0; path = Weather_Fairy.app; sourceTree = BUILT_PRODUCTS_DIR; };
		FBB1367E2AC15D300010CED0 /* AppDelegate.swift */ = {isa = PBXFileReference; lastKnownFileType = sourcecode.swift; path = AppDelegate.swift; sourceTree = "<group>"; };
		FBB136802AC15D300010CED0 /* SceneDelegate.swift */ = {isa = PBXFileReference; lastKnownFileType = sourcecode.swift; path = SceneDelegate.swift; sourceTree = "<group>"; };
		FBB136822AC15D300010CED0 /* MainViewController.swift */ = {isa = PBXFileReference; lastKnownFileType = sourcecode.swift; path = MainViewController.swift; sourceTree = "<group>"; };
		FBB136872AC15D320010CED0 /* Assets.xcassets */ = {isa = PBXFileReference; lastKnownFileType = folder.assetcatalog; path = Assets.xcassets; sourceTree = "<group>"; };
		FBB1368A2AC15D320010CED0 /* Base */ = {isa = PBXFileReference; lastKnownFileType = file.storyboard; name = Base; path = Base.lproj/LaunchScreen.storyboard; sourceTree = "<group>"; };
		FBB1368C2AC15D320010CED0 /* Info.plist */ = {isa = PBXFileReference; lastKnownFileType = text.plist.xml; path = Info.plist; sourceTree = "<group>"; };
		FBB136982AC15F140010CED0 /* UIButton +.swift */ = {isa = PBXFileReference; fileEncoding = 4; lastKnownFileType = sourcecode.swift; path = "UIButton +.swift"; sourceTree = "<group>"; };
		FBB136992AC15F140010CED0 /* UILabel +.swift */ = {isa = PBXFileReference; fileEncoding = 4; lastKnownFileType = sourcecode.swift; path = "UILabel +.swift"; sourceTree = "<group>"; };
		FBB1369A2AC15F140010CED0 /* UIStackView +.swift */ = {isa = PBXFileReference; fileEncoding = 4; lastKnownFileType = sourcecode.swift; path = "UIStackView +.swift"; sourceTree = "<group>"; };
		FBB1369B2AC15F140010CED0 /* DateFormatter.swift */ = {isa = PBXFileReference; fileEncoding = 4; lastKnownFileType = sourcecode.swift; path = DateFormatter.swift; sourceTree = "<group>"; };
		FBB136A52AC174B40010CED0 /* NavigationBarItem +.swift */ = {isa = PBXFileReference; lastKnownFileType = sourcecode.swift; path = "NavigationBarItem +.swift"; sourceTree = "<group>"; };
		FBB136A72AC17A3B0010CED0 /* MyLocationUIView.swift */ = {isa = PBXFileReference; lastKnownFileType = sourcecode.swift; path = MyLocationUIView.swift; sourceTree = "<group>"; };
		FBB136AD2AC26ABA0010CED0 /* MainView.swift */ = {isa = PBXFileReference; lastKnownFileType = sourcecode.swift; path = MainView.swift; sourceTree = "<group>"; };
/* End PBXFileReference section */

/* Begin PBXFrameworksBuildPhase section */
		FBB136782AC15D300010CED0 /* Frameworks */ = {
			isa = PBXFrameworksBuildPhase;
			buildActionMask = 2147483647;
			files = (
				FBB136A22AC160010010CED0 /* SnapKit in Frameworks */,
			);
			runOnlyForDeploymentPostprocessing = 0;
		};
/* End PBXFrameworksBuildPhase section */

/* Begin PBXGroup section */
		DFA298262AC16C0300700EF1 /* Model */ = {
			isa = PBXGroup;
			children = (
			);
			path = Model;
			sourceTree = "<group>";
		};
		DFA298272AC16C0C00700EF1 /* ViewModel */ = {
			isa = PBXGroup;
			children = (
			);
			path = ViewModel;
			sourceTree = "<group>";
		};
		DFF9011C2AC19F25005BD423 /* Cell */ = {
			isa = PBXGroup;
			children = (
				DFF9011D2AC19F7E005BD423 /* SearchPageTableViewCell.swift */,
			);
			path = Cell;
			sourceTree = "<group>";
		};
		FBB136722AC15D300010CED0 = {
			isa = PBXGroup;
			children = (
				FBB1367D2AC15D300010CED0 /* Weather_Fairy */,
				FBB1367C2AC15D300010CED0 /* Products */,
			);
			sourceTree = "<group>";
		};
		FBB1367C2AC15D300010CED0 /* Products */ = {
			isa = PBXGroup;
			children = (
				FBB1367B2AC15D300010CED0 /* Weather_Fairy.app */,
			);
			name = Products;
			sourceTree = "<group>";
		};
		FBB1367D2AC15D300010CED0 /* Weather_Fairy */ = {
			isa = PBXGroup;
			children = (
				FBB136972AC15EFB0010CED0 /* Components */,
				DFA298272AC16C0C00700EF1 /* ViewModel */,
				FBB136932AC15E5E0010CED0 /* View */,
				FBB136922AC15E390010CED0 /* Resources */,
				FBB1368C2AC15D320010CED0 /* Info.plist */,
			);
			path = Weather_Fairy;
			sourceTree = "<group>";
		};
		FBB136922AC15E390010CED0 /* Resources */ = {
			isa = PBXGroup;
			children = (
				FBB1367E2AC15D300010CED0 /* AppDelegate.swift */,
				FBB136802AC15D300010CED0 /* SceneDelegate.swift */,
				FBB136872AC15D320010CED0 /* Assets.xcassets */,
				FBB136892AC15D320010CED0 /* LaunchScreen.storyboard */,
			);
			path = Resources;
			sourceTree = "<group>";
		};
		FBB136932AC15E5E0010CED0 /* View */ = {
			isa = PBXGroup;
			children = (
				FBB136822AC15D300010CED0 /* MainViewController.swift */,
				FBB136AD2AC26ABA0010CED0 /* MainView.swift */,
				FBB136962AC15EDE0010CED0 /* UIViewItem */,
				DFA298222AC1659A00700EF1 /* SearchPageViewController.swift */,
				DFF9011C2AC19F25005BD423 /* Cell */,
			);
			path = View;
			sourceTree = "<group>";
		};
		FBB136962AC15EDE0010CED0 /* UIViewItem */ = {
			isa = PBXGroup;
			children = (
				FBB136A72AC17A3B0010CED0 /* MyLocationUIView.swift */,
				C7ABCD412AC28EE800E77072 /* MainTopView.swift */,
				C7ABCD432AC2A92F00E77072 /* MainMiddleView.swift */,
				C7ABCD452AC2A94C00E77072 /* MainCurrentWeatherView.swift */,
				C763EA3A2AC2D9A600B07C90 /* MainWeatherForecastView.swift */,
				C763EA3C2AC2D9BB00B07C90 /* MainMyLocationView.swift */,
			);
			path = UIViewItem;
			sourceTree = "<group>";
		};
		FBB136972AC15EFB0010CED0 /* Components */ = {
			isa = PBXGroup;
			children = (
				FBB1369B2AC15F140010CED0 /* DateFormatter.swift */,
				FBB136982AC15F140010CED0 /* UIButton +.swift */,
				FBB136992AC15F140010CED0 /* UILabel +.swift */,
				FBB1369A2AC15F140010CED0 /* UIStackView +.swift */,
				FBB136A52AC174B40010CED0 /* NavigationBarItem +.swift */,
				DFA298262AC16C0300700EF1 /* Model */,
			);
			path = Components;
			sourceTree = "<group>";
		};
/* End PBXGroup section */

/* Begin PBXNativeTarget section */
		FBB1367A2AC15D300010CED0 /* Weather_Fairy */ = {
			isa = PBXNativeTarget;
			buildConfigurationList = FBB1368F2AC15D320010CED0 /* Build configuration list for PBXNativeTarget "Weather_Fairy" */;
			buildPhases = (
				FBB136772AC15D300010CED0 /* Sources */,
				FBB136782AC15D300010CED0 /* Frameworks */,
				FBB136792AC15D300010CED0 /* Resources */,
			);
			buildRules = (
			);
			dependencies = (
			);
			name = Weather_Fairy;
			packageProductDependencies = (
				FBB136A12AC160010010CED0 /* SnapKit */,
			);
			productName = Weather_Fairy;
			productReference = FBB1367B2AC15D300010CED0 /* Weather_Fairy.app */;
			productType = "com.apple.product-type.application";
		};
/* End PBXNativeTarget section */

/* Begin PBXProject section */
		FBB136732AC15D300010CED0 /* Project object */ = {
			isa = PBXProject;
			attributes = {
				BuildIndependentTargetsInParallel = 1;
				LastSwiftUpdateCheck = 1430;
				LastUpgradeCheck = 1430;
				TargetAttributes = {
					FBB1367A2AC15D300010CED0 = {
						CreatedOnToolsVersion = 14.3.1;
					};
				};
			};
			buildConfigurationList = FBB136762AC15D300010CED0 /* Build configuration list for PBXProject "Weather_Fairy" */;
			compatibilityVersion = "Xcode 14.0";
			developmentRegion = en;
			hasScannedForEncodings = 0;
			knownRegions = (
				en,
				Base,
			);
			mainGroup = FBB136722AC15D300010CED0;
			packageReferences = (
				FBB136A02AC160010010CED0 /* XCRemoteSwiftPackageReference "SnapKit" */,
			);
			productRefGroup = FBB1367C2AC15D300010CED0 /* Products */;
			projectDirPath = "";
			projectRoot = "";
			targets = (
				FBB1367A2AC15D300010CED0 /* Weather_Fairy */,
			);
		};
/* End PBXProject section */

/* Begin PBXResourcesBuildPhase section */
		FBB136792AC15D300010CED0 /* Resources */ = {
			isa = PBXResourcesBuildPhase;
			buildActionMask = 2147483647;
			files = (
				FBB1368B2AC15D320010CED0 /* LaunchScreen.storyboard in Resources */,
				FBB136882AC15D320010CED0 /* Assets.xcassets in Resources */,
			);
			runOnlyForDeploymentPostprocessing = 0;
		};
/* End PBXResourcesBuildPhase section */

/* Begin PBXSourcesBuildPhase section */
		FBB136772AC15D300010CED0 /* Sources */ = {
			isa = PBXSourcesBuildPhase;
			buildActionMask = 2147483647;
			files = (
				FBB1369E2AC15F140010CED0 /* UIStackView +.swift in Sources */,
				FBB1369C2AC15F140010CED0 /* UIButton +.swift in Sources */,
				C7ABCD462AC2A94C00E77072 /* MainCurrentWeatherView.swift in Sources */,
				FBB136832AC15D300010CED0 /* MainViewController.swift in Sources */,
				FBB136A62AC174B40010CED0 /* NavigationBarItem +.swift in Sources */,
				DFA298232AC1659A00700EF1 /* SearchPageViewController.swift in Sources */,
				DFF9011E2AC19F7E005BD423 /* SearchPageTableViewCell.swift in Sources */,
				FBB1369F2AC15F140010CED0 /* DateFormatter.swift in Sources */,
				FBB1369D2AC15F140010CED0 /* UILabel +.swift in Sources */,
				C763EA3D2AC2D9BB00B07C90 /* MainMyLocationView.swift in Sources */,
				FBB1367F2AC15D300010CED0 /* AppDelegate.swift in Sources */,
				C7ABCD422AC28EE800E77072 /* MainTopView.swift in Sources */,
				FBB136AE2AC26ABA0010CED0 /* MainView.swift in Sources */,
				C763EA3B2AC2D9A600B07C90 /* MainWeatherForecastView.swift in Sources */,
				FBB136812AC15D300010CED0 /* SceneDelegate.swift in Sources */,
				FBB136A82AC17A3B0010CED0 /* MyLocationUIView.swift in Sources */,
				C7ABCD442AC2A92F00E77072 /* MainMiddleView.swift in Sources */,
			);
			runOnlyForDeploymentPostprocessing = 0;
		};
/* End PBXSourcesBuildPhase section */

/* Begin PBXVariantGroup section */
		FBB136892AC15D320010CED0 /* LaunchScreen.storyboard */ = {
			isa = PBXVariantGroup;
			children = (
				FBB1368A2AC15D320010CED0 /* Base */,
			);
			name = LaunchScreen.storyboard;
			sourceTree = "<group>";
		};
/* End PBXVariantGroup section */

/* Begin XCBuildConfiguration section */
		FBB1368D2AC15D320010CED0 /* Debug */ = {
			isa = XCBuildConfiguration;
			buildSettings = {
				ALWAYS_SEARCH_USER_PATHS = NO;
				CLANG_ANALYZER_NONNULL = YES;
				CLANG_ANALYZER_NUMBER_OBJECT_CONVERSION = YES_AGGRESSIVE;
				CLANG_CXX_LANGUAGE_STANDARD = "gnu++20";
				CLANG_ENABLE_MODULES = YES;
				CLANG_ENABLE_OBJC_ARC = YES;
				CLANG_ENABLE_OBJC_WEAK = YES;
				CLANG_WARN_BLOCK_CAPTURE_AUTORELEASING = YES;
				CLANG_WARN_BOOL_CONVERSION = YES;
				CLANG_WARN_COMMA = YES;
				CLANG_WARN_CONSTANT_CONVERSION = YES;
				CLANG_WARN_DEPRECATED_OBJC_IMPLEMENTATIONS = YES;
				CLANG_WARN_DIRECT_OBJC_ISA_USAGE = YES_ERROR;
				CLANG_WARN_DOCUMENTATION_COMMENTS = YES;
				CLANG_WARN_EMPTY_BODY = YES;
				CLANG_WARN_ENUM_CONVERSION = YES;
				CLANG_WARN_INFINITE_RECURSION = YES;
				CLANG_WARN_INT_CONVERSION = YES;
				CLANG_WARN_NON_LITERAL_NULL_CONVERSION = YES;
				CLANG_WARN_OBJC_IMPLICIT_RETAIN_SELF = YES;
				CLANG_WARN_OBJC_LITERAL_CONVERSION = YES;
				CLANG_WARN_OBJC_ROOT_CLASS = YES_ERROR;
				CLANG_WARN_QUOTED_INCLUDE_IN_FRAMEWORK_HEADER = YES;
				CLANG_WARN_RANGE_LOOP_ANALYSIS = YES;
				CLANG_WARN_STRICT_PROTOTYPES = YES;
				CLANG_WARN_SUSPICIOUS_MOVE = YES;
				CLANG_WARN_UNGUARDED_AVAILABILITY = YES_AGGRESSIVE;
				CLANG_WARN_UNREACHABLE_CODE = YES;
				CLANG_WARN__DUPLICATE_METHOD_MATCH = YES;
				COPY_PHASE_STRIP = NO;
				DEBUG_INFORMATION_FORMAT = dwarf;
				ENABLE_STRICT_OBJC_MSGSEND = YES;
				ENABLE_TESTABILITY = YES;
				GCC_C_LANGUAGE_STANDARD = gnu11;
				GCC_DYNAMIC_NO_PIC = NO;
				GCC_NO_COMMON_BLOCKS = YES;
				GCC_OPTIMIZATION_LEVEL = 0;
				GCC_PREPROCESSOR_DEFINITIONS = (
					"DEBUG=1",
					"$(inherited)",
				);
				GCC_WARN_64_TO_32_BIT_CONVERSION = YES;
				GCC_WARN_ABOUT_RETURN_TYPE = YES_ERROR;
				GCC_WARN_UNDECLARED_SELECTOR = YES;
				GCC_WARN_UNINITIALIZED_AUTOS = YES_AGGRESSIVE;
				GCC_WARN_UNUSED_FUNCTION = YES;
				GCC_WARN_UNUSED_VARIABLE = YES;
				IPHONEOS_DEPLOYMENT_TARGET = 16.4;
				MTL_ENABLE_DEBUG_INFO = INCLUDE_SOURCE;
				MTL_FAST_MATH = YES;
				ONLY_ACTIVE_ARCH = YES;
				SDKROOT = iphoneos;
				SWIFT_ACTIVE_COMPILATION_CONDITIONS = DEBUG;
				SWIFT_OPTIMIZATION_LEVEL = "-Onone";
			};
			name = Debug;
		};
		FBB1368E2AC15D320010CED0 /* Release */ = {
			isa = XCBuildConfiguration;
			buildSettings = {
				ALWAYS_SEARCH_USER_PATHS = NO;
				CLANG_ANALYZER_NONNULL = YES;
				CLANG_ANALYZER_NUMBER_OBJECT_CONVERSION = YES_AGGRESSIVE;
				CLANG_CXX_LANGUAGE_STANDARD = "gnu++20";
				CLANG_ENABLE_MODULES = YES;
				CLANG_ENABLE_OBJC_ARC = YES;
				CLANG_ENABLE_OBJC_WEAK = YES;
				CLANG_WARN_BLOCK_CAPTURE_AUTORELEASING = YES;
				CLANG_WARN_BOOL_CONVERSION = YES;
				CLANG_WARN_COMMA = YES;
				CLANG_WARN_CONSTANT_CONVERSION = YES;
				CLANG_WARN_DEPRECATED_OBJC_IMPLEMENTATIONS = YES;
				CLANG_WARN_DIRECT_OBJC_ISA_USAGE = YES_ERROR;
				CLANG_WARN_DOCUMENTATION_COMMENTS = YES;
				CLANG_WARN_EMPTY_BODY = YES;
				CLANG_WARN_ENUM_CONVERSION = YES;
				CLANG_WARN_INFINITE_RECURSION = YES;
				CLANG_WARN_INT_CONVERSION = YES;
				CLANG_WARN_NON_LITERAL_NULL_CONVERSION = YES;
				CLANG_WARN_OBJC_IMPLICIT_RETAIN_SELF = YES;
				CLANG_WARN_OBJC_LITERAL_CONVERSION = YES;
				CLANG_WARN_OBJC_ROOT_CLASS = YES_ERROR;
				CLANG_WARN_QUOTED_INCLUDE_IN_FRAMEWORK_HEADER = YES;
				CLANG_WARN_RANGE_LOOP_ANALYSIS = YES;
				CLANG_WARN_STRICT_PROTOTYPES = YES;
				CLANG_WARN_SUSPICIOUS_MOVE = YES;
				CLANG_WARN_UNGUARDED_AVAILABILITY = YES_AGGRESSIVE;
				CLANG_WARN_UNREACHABLE_CODE = YES;
				CLANG_WARN__DUPLICATE_METHOD_MATCH = YES;
				COPY_PHASE_STRIP = NO;
				DEBUG_INFORMATION_FORMAT = "dwarf-with-dsym";
				ENABLE_NS_ASSERTIONS = NO;
				ENABLE_STRICT_OBJC_MSGSEND = YES;
				GCC_C_LANGUAGE_STANDARD = gnu11;
				GCC_NO_COMMON_BLOCKS = YES;
				GCC_WARN_64_TO_32_BIT_CONVERSION = YES;
				GCC_WARN_ABOUT_RETURN_TYPE = YES_ERROR;
				GCC_WARN_UNDECLARED_SELECTOR = YES;
				GCC_WARN_UNINITIALIZED_AUTOS = YES_AGGRESSIVE;
				GCC_WARN_UNUSED_FUNCTION = YES;
				GCC_WARN_UNUSED_VARIABLE = YES;
				IPHONEOS_DEPLOYMENT_TARGET = 16.4;
				MTL_ENABLE_DEBUG_INFO = NO;
				MTL_FAST_MATH = YES;
				SDKROOT = iphoneos;
				SWIFT_COMPILATION_MODE = wholemodule;
				SWIFT_OPTIMIZATION_LEVEL = "-O";
				VALIDATE_PRODUCT = YES;
			};
			name = Release;
		};
		FBB136902AC15D320010CED0 /* Debug */ = {
			isa = XCBuildConfiguration;
			buildSettings = {
				ASSETCATALOG_COMPILER_APPICON_NAME = AppIcon;
				ASSETCATALOG_COMPILER_GLOBAL_ACCENT_COLOR_NAME = AccentColor;
				CODE_SIGN_STYLE = Automatic;
				CURRENT_PROJECT_VERSION = 1;
				DEVELOPMENT_TEAM = V7K58MBUV9;
				GENERATE_INFOPLIST_FILE = YES;
				INFOPLIST_FILE = Weather_Fairy/Info.plist;
				INFOPLIST_KEY_UIApplicationSupportsIndirectInputEvents = YES;
				INFOPLIST_KEY_UILaunchStoryboardName = LaunchScreen;
				INFOPLIST_KEY_UISupportedInterfaceOrientations_iPad = "UIInterfaceOrientationPortrait UIInterfaceOrientationPortraitUpsideDown UIInterfaceOrientationLandscapeLeft UIInterfaceOrientationLandscapeRight";
				INFOPLIST_KEY_UISupportedInterfaceOrientations_iPhone = "UIInterfaceOrientationPortrait UIInterfaceOrientationLandscapeLeft UIInterfaceOrientationLandscapeRight";
				LD_RUNPATH_SEARCH_PATHS = (
					"$(inherited)",
					"@executable_path/Frameworks",
				);
				MARKETING_VERSION = 1.0;
				PRODUCT_BUNDLE_IDENTIFIER = "com.luna.Weather-Fairy";
				PRODUCT_NAME = "$(TARGET_NAME)";
				SWIFT_EMIT_LOC_STRINGS = YES;
				SWIFT_VERSION = 5.0;
				TARGETED_DEVICE_FAMILY = "1,2";
			};
			name = Debug;
		};
		FBB136912AC15D320010CED0 /* Release */ = {
			isa = XCBuildConfiguration;
			buildSettings = {
				ASSETCATALOG_COMPILER_APPICON_NAME = AppIcon;
				ASSETCATALOG_COMPILER_GLOBAL_ACCENT_COLOR_NAME = AccentColor;
				CODE_SIGN_STYLE = Automatic;
				CURRENT_PROJECT_VERSION = 1;
				DEVELOPMENT_TEAM = V7K58MBUV9;
				GENERATE_INFOPLIST_FILE = YES;
				INFOPLIST_FILE = Weather_Fairy/Info.plist;
				INFOPLIST_KEY_UIApplicationSupportsIndirectInputEvents = YES;
				INFOPLIST_KEY_UILaunchStoryboardName = LaunchScreen;
				INFOPLIST_KEY_UISupportedInterfaceOrientations_iPad = "UIInterfaceOrientationPortrait UIInterfaceOrientationPortraitUpsideDown UIInterfaceOrientationLandscapeLeft UIInterfaceOrientationLandscapeRight";
				INFOPLIST_KEY_UISupportedInterfaceOrientations_iPhone = "UIInterfaceOrientationPortrait UIInterfaceOrientationLandscapeLeft UIInterfaceOrientationLandscapeRight";
				LD_RUNPATH_SEARCH_PATHS = (
					"$(inherited)",
					"@executable_path/Frameworks",
				);
				MARKETING_VERSION = 1.0;
				PRODUCT_BUNDLE_IDENTIFIER = "com.luna.Weather-Fairy";
				PRODUCT_NAME = "$(TARGET_NAME)";
				SWIFT_EMIT_LOC_STRINGS = YES;
				SWIFT_VERSION = 5.0;
				TARGETED_DEVICE_FAMILY = "1,2";
			};
			name = Release;
		};
/* End XCBuildConfiguration section */

/* Begin XCConfigurationList section */
		FBB136762AC15D300010CED0 /* Build configuration list for PBXProject "Weather_Fairy" */ = {
			isa = XCConfigurationList;
			buildConfigurations = (
				FBB1368D2AC15D320010CED0 /* Debug */,
				FBB1368E2AC15D320010CED0 /* Release */,
			);
			defaultConfigurationIsVisible = 0;
			defaultConfigurationName = Release;
		};
		FBB1368F2AC15D320010CED0 /* Build configuration list for PBXNativeTarget "Weather_Fairy" */ = {
			isa = XCConfigurationList;
			buildConfigurations = (
				FBB136902AC15D320010CED0 /* Debug */,
				FBB136912AC15D320010CED0 /* Release */,
			);
			defaultConfigurationIsVisible = 0;
			defaultConfigurationName = Release;
		};
/* End XCConfigurationList section */

/* Begin XCRemoteSwiftPackageReference section */
		FBB136A02AC160010010CED0 /* XCRemoteSwiftPackageReference "SnapKit" */ = {
			isa = XCRemoteSwiftPackageReference;
			repositoryURL = "https://github.com/SnapKit/SnapKit";
			requirement = {
				kind = upToNextMajorVersion;
				minimumVersion = 5.0.0;
			};
		};
/* End XCRemoteSwiftPackageReference section */

/* Begin XCSwiftPackageProductDependency section */
		FBB136A12AC160010010CED0 /* SnapKit */ = {
			isa = XCSwiftPackageProductDependency;
			package = FBB136A02AC160010010CED0 /* XCRemoteSwiftPackageReference "SnapKit" */;
			productName = SnapKit;
		};
/* End XCSwiftPackageProductDependency section */
	};
	rootObject = FBB136732AC15D300010CED0 /* Project object */;
}
